
Microsoft Visual Studio Solution File, Format Version 12.00
# Visual Studio Version 17
VisualStudioVersion = 17.5.33627.172
MinimumVisualStudioVersion = 10.0.40219.1
Project("{FAE04EC0-301F-11D3-BF4B-00C04F79EFBC}") = "Otaku_No_Sekai", "Otaku_No_Sekai\Otaku_No_Sekai.csproj", "{877CBA37-1AFC-4146-B553-802A538FCD29}"
EndProject
Global
	GlobalSection(SolutionConfigurationPlatforms) = preSolution
		Debug|Any CPU = Debug|Any CPU
		Release|Any CPU = Release|Any CPU
	EndGlobalSection
	GlobalSection(ProjectConfigurationPlatforms) = postSolution
		{877CBA37-1AFC-4146-B553-802A538FCD29}.Debug|Any CPU.ActiveCfg = Debug|Any CPU
		{877CBA37-1AFC-4146-B553-802A538FCD29}.Debug|Any CPU.Build.0 = Debug|Any CPU
		{877CBA37-1AFC-4146-B553-802A538FCD29}.Release|Any CPU.ActiveCfg = Release|Any CPU
		{877CBA37-1AFC-4146-B553-802A538FCD29}.Release|Any CPU.Build.0 = Release|Any CPU
	EndGlobalSection
	GlobalSection(SolutionProperties) = preSolution
		HideSolutionNode = FALSE
	EndGlobalSection
	GlobalSection(ExtensibilityGlobals) = postSolution
		SolutionGuid = {96497B6E-C64C-4E69-A3F5-A582C26A930A}
	EndGlobalSection
EndGlobal
